# THIS IS AN AUTOGENERATED FILE. DO NOT EDIT THIS FILE DIRECTLY.
# yarn lockfile v1


"@types/codemirror@0.0.108":
  version "0.0.108"
  resolved "https://registry.yarnpkg.com/@types/codemirror/-/codemirror-0.0.108.tgz#e640422b666bf49251b384c390cdeb2362585bde"
  integrity sha512-3FGFcus0P7C2UOGCNUVENqObEb4SFk+S8Dnxq7K6aIsLVs/vDtlangl3PEO0ykaKXyK56swVF6Nho7VsA44uhw==
  dependencies:
    "@types/tern" "*"

"@types/estree@*":
  version "1.0.0"
  resolved "https://registry.yarnpkg.com/@types/estree/-/estree-1.0.0.tgz#5fb2e536c1ae9bf35366eed879e827fa59ca41c2"
  integrity sha512-WulqXMDUTYAXCjZnk6JtIHPigp55cVtDgDrO2gHRwhyJto21+1zbVCtOYB2L1F9w4qCQ0rOGWBnBe0FNTiEJIQ==

"@types/node@^16.11.6":
  version "16.18.12"
  resolved "https://registry.yarnpkg.com/@types/node/-/node-16.18.12.tgz#e3bfea80e31523fde4292a6118f19ffa24fd6f65"
  integrity sha512-vzLe5NaNMjIE3mcddFVGlAXN1LEWueUsMsOJWaT6wWMJGyljHAWHznqfnKUQWGzu7TLPrGvWdNAsvQYW+C0xtw==

"@types/prop-types@*":
  version "15.7.5"
  resolved "https://registry.yarnpkg.com/@types/prop-types/-/prop-types-15.7.5.tgz#5f19d2b85a98e9558036f6a3cacc8819420f05cf"
  integrity sha512-JCB8C6SnDoQf0cNycqd/35A7MjcnK+ZTqE7judS6o7utxUCg6imJg3QK2qzHKszlTjcj2cn+NwMB2i96ubpj7w==

"@types/react-dom@^18.0.8":
  version "18.0.11"
  resolved "https://registry.yarnpkg.com/@types/react-dom/-/react-dom-18.0.11.tgz#321351c1459bc9ca3d216aefc8a167beec334e33"
  integrity sha512-O38bPbI2CWtgw/OoQoY+BRelw7uysmXbWvw3nLWO21H1HSh+GOlqPuXshJfjmpNlKiiSDG9cc1JZAaMmVdcTlw==
  dependencies:
    "@types/react" "*"

"@types/react@*", "@types/react@^18.0.25":
  version "18.0.28"
  resolved "https://registry.yarnpkg.com/@types/react/-/react-18.0.28.tgz#accaeb8b86f4908057ad629a26635fe641480065"
  integrity sha512-RD0ivG1kEztNBdoAK7lekI9M+azSnitIn85h4iOiaLjaTrMjzslhaqCGaI4IyCJ1RljWiLCEu4jyrLLgqxBTew==
  dependencies:
    "@types/prop-types" "*"
    "@types/scheduler" "*"
    csstype "^3.0.2"

"@types/scheduler@*":
  version "0.16.2"
  resolved "https://registry.yarnpkg.com/@types/scheduler/-/scheduler-0.16.2.tgz#1a62f89525723dde24ba1b01b092bf5df8ad4d39"
  integrity sha512-hppQEBDmlwhFAXKJX2KnWLYu5yMfi91yazPb2l+lbJiwW+wdo1gNeRA+3RgNSO39WYX2euey41KEwnqesU2Jew==

"@types/tern@*":
  version "0.23.4"
  resolved "https://registry.yarnpkg.com/@types/tern/-/tern-0.23.4.tgz#03926eb13dbeaf3ae0d390caf706b2643a0127fb"
  integrity sha512-JAUw1iXGO1qaWwEOzxTKJZ/5JxVeON9kvGZ/osgZaJImBnyjyn0cjovPsf6FNLmyGY8Vw9DoXZCMlfMkMwHRWg==
  dependencies:
    "@types/estree" "*"

csstype@^3.0.2:
  version "3.1.1"
  resolved "https://registry.yarnpkg.com/csstype/-/csstype-3.1.1.tgz#841b532c45c758ee546a11d5bd7b7b473c8c30b9"
  integrity sha512-DJR/VvkAvSZW9bTouZue2sSxDwdTN92uHjqeKVm+0dAqdfNykRzQ95tay8aXMBAAPpUiq4Qcug2L7neoRh2Egw==

esbuild-android-64@0.14.47:
  version "0.14.47"
  resolved "https://registry.yarnpkg.com/esbuild-android-64/-/esbuild-android-64-0.14.47.tgz#ef95b42c67bcf4268c869153fa3ad1466c4cea6b"
  integrity sha512-R13Bd9+tqLVFndncMHssZrPWe6/0Kpv2/dt4aA69soX4PRxlzsVpCvoJeFE8sOEoeVEiBkI0myjlkDodXlHa0g==

esbuild-android-arm64@0.14.47:
  version "0.14.47"
  resolved "https://registry.yarnpkg.com/esbuild-android-arm64/-/esbuild-android-arm64-0.14.47.tgz#4ebd7ce9fb250b4695faa3ee46fd3b0754ecd9e6"
  integrity sha512-OkwOjj7ts4lBp/TL6hdd8HftIzOy/pdtbrNA4+0oVWgGG64HrdVzAF5gxtJufAPOsEjkyh1oIYvKAUinKKQRSQ==

esbuild-darwin-64@0.14.47:
  version "0.14.47"
  resolved "https://registry.yarnpkg.com/esbuild-darwin-64/-/esbuild-darwin-64-0.14.47.tgz#e0da6c244f497192f951807f003f6a423ed23188"
  integrity sha512-R6oaW0y5/u6Eccti/TS6c/2c1xYTb1izwK3gajJwi4vIfNs1s8B1dQzI1UiC9T61YovOQVuePDcfqHLT3mUZJA==

esbuild-darwin-arm64@0.14.47:
  version "0.14.47"
  resolved "https://registry.yarnpkg.com/esbuild-darwin-arm64/-/esbuild-darwin-arm64-0.14.47.tgz#cd40fd49a672fca581ed202834239dfe540a9028"
  integrity sha512-seCmearlQyvdvM/noz1L9+qblC5vcBrhUaOoLEDDoLInF/VQ9IkobGiLlyTPYP5dW1YD4LXhtBgOyevoIHGGnw==

esbuild-freebsd-64@0.14.47:
  version "0.14.47"
  resolved "https://registry.yarnpkg.com/esbuild-freebsd-64/-/esbuild-freebsd-64-0.14.47.tgz#8da6a14c095b29c01fc8087a16cb7906debc2d67"
  integrity sha512-ZH8K2Q8/Ux5kXXvQMDsJcxvkIwut69KVrYQhza/ptkW50DC089bCVrJZZ3sKzIoOx+YPTrmsZvqeZERjyYrlvQ==

esbuild-freebsd-arm64@0.14.47:
  version "0.14.47"
  resolved "https://registry.yarnpkg.com/esbuild-freebsd-arm64/-/esbuild-freebsd-arm64-0.14.47.tgz#ad31f9c92817ff8f33fd253af7ab5122dc1b83f6"
  integrity sha512-ZJMQAJQsIOhn3XTm7MPQfCzEu5b9STNC+s90zMWe2afy9EwnHV7Ov7ohEMv2lyWlc2pjqLW8QJnz2r0KZmeAEQ==

esbuild-linux-32@0.14.47:
  version "0.14.47"
  resolved "https://registry.yarnpkg.com/esbuild-linux-32/-/esbuild-linux-32-0.14.47.tgz#de085e4db2e692ea30c71208ccc23fdcf5196c58"
  integrity sha512-FxZOCKoEDPRYvq300lsWCTv1kcHgiiZfNrPtEhFAiqD7QZaXrad8LxyJ8fXGcWzIFzRiYZVtB3ttvITBvAFhKw==

esbuild-linux-64@0.14.47:
  version "0.14.47"
  resolved "https://registry.yarnpkg.com/esbuild-linux-64/-/esbuild-linux-64-0.14.47.tgz#2a9321bbccb01f01b04cebfcfccbabeba3658ba1"
  integrity sha512-nFNOk9vWVfvWYF9YNYksZptgQAdstnDCMtR6m42l5Wfugbzu11VpMCY9XrD4yFxvPo9zmzcoUL/88y0lfJZJJw==

esbuild-linux-arm64@0.14.47:
  version "0.14.47"
  resolved "https://registry.yarnpkg.com/esbuild-linux-arm64/-/esbuild-linux-arm64-0.14.47.tgz#b9da7b6fc4b0ca7a13363a0c5b7bb927e4bc535a"
  integrity sha512-ywfme6HVrhWcevzmsufjd4iT3PxTfCX9HOdxA7Hd+/ZM23Y9nXeb+vG6AyA6jgq/JovkcqRHcL9XwRNpWG6XRw==

esbuild-linux-arm@0.14.47:
  version "0.14.47"
  resolved "https://registry.yarnpkg.com/esbuild-linux-arm/-/esbuild-linux-arm-0.14.47.tgz#56fec2a09b9561c337059d4af53625142aded853"
  integrity sha512-ZGE1Bqg/gPRXrBpgpvH81tQHpiaGxa8c9Rx/XOylkIl2ypLuOcawXEAo8ls+5DFCcRGt/o3sV+PzpAFZobOsmA==

esbuild-linux-mips64le@0.14.47:
  version "0.14.47"
  resolved "https://registry.yarnpkg.com/esbuild-linux-mips64le/-/esbuild-linux-mips64le-0.14.47.tgz#9db21561f8f22ed79ef2aedb7bbef082b46cf823"
  integrity sha512-mg3D8YndZ1LvUiEdDYR3OsmeyAew4MA/dvaEJxvyygahWmpv1SlEEnhEZlhPokjsUMfRagzsEF/d/2XF+kTQGg==

esbuild-linux-ppc64le@0.14.47:
  version "0.14.47"
  resolved "https://registry.yarnpkg.com/esbuild-linux-ppc64le/-/esbuild-linux-ppc64le-0.14.47.tgz#dc3a3da321222b11e96e50efafec9d2de408198b"
  integrity sha512-WER+f3+szmnZiWoK6AsrTKGoJoErG2LlauSmk73LEZFQ/iWC+KhhDsOkn1xBUpzXWsxN9THmQFltLoaFEH8F8w==

esbuild-linux-riscv64@0.14.47:
  version "0.14.47"
  resolved "https://registry.yarnpkg.com/esbuild-linux-riscv64/-/esbuild-linux-riscv64-0.14.47.tgz#9bd6dcd3dca6c0357084ecd06e1d2d4bf105335f"
  integrity sha512-1fI6bP3A3rvI9BsaaXbMoaOjLE3lVkJtLxsgLHqlBhLlBVY7UqffWBvkrX/9zfPhhVMd9ZRFiaqXnB1T7BsL2g==

esbuild-linux-s390x@0.14.47:
  version "0.14.47"
  resolved "https://registry.yarnpkg.com/esbuild-linux-s390x/-/esbuild-linux-s390x-0.14.47.tgz#a458af939b52f2cd32fc561410d441a51f69d41f"
  integrity sha512-eZrWzy0xFAhki1CWRGnhsHVz7IlSKX6yT2tj2Eg8lhAwlRE5E96Hsb0M1mPSE1dHGpt1QVwwVivXIAacF/G6mw==

esbuild-netbsd-64@0.14.47:
  version "0.14.47"
  resolved "https://registry.yarnpkg.com/esbuild-netbsd-64/-/esbuild-netbsd-64-0.14.47.tgz#6388e785d7e7e4420cb01348d7483ab511b16aa8"
  integrity sha512-Qjdjr+KQQVH5Q2Q1r6HBYswFTToPpss3gqCiSw2Fpq/ua8+eXSQyAMG+UvULPqXceOwpnPo4smyZyHdlkcPppQ==

esbuild-openbsd-64@0.14.47:
  version "0.14.47"
  resolved "https://registry.yarnpkg.com/esbuild-openbsd-64/-/esbuild-openbsd-64-0.14.47.tgz#309af806db561aa886c445344d1aacab850dbdc5"
  integrity sha512-QpgN8ofL7B9z8g5zZqJE+eFvD1LehRlxr25PBkjyyasakm4599iroUpaj96rdqRlO2ShuyqwJdr+oNqWwTUmQw==

esbuild-sunos-64@0.14.47:
  version "0.14.47"
  resolved "https://registry.yarnpkg.com/esbuild-sunos-64/-/esbuild-sunos-64-0.14.47.tgz#3f19612dcdb89ba6c65283a7ff6e16f8afbf8aaa"
  integrity sha512-uOeSgLUwukLioAJOiGYm3kNl+1wJjgJA8R671GYgcPgCx7QR73zfvYqXFFcIO93/nBdIbt5hd8RItqbbf3HtAQ==

esbuild-windows-32@0.14.47:
  version "0.14.47"
  resolved "https://registry.yarnpkg.com/esbuild-windows-32/-/esbuild-windows-32-0.14.47.tgz#a92d279c8458d5dc319abcfeb30aa49e8f2e6f7f"
  integrity sha512-H0fWsLTp2WBfKLBgwYT4OTfFly4Im/8B5f3ojDv1Kx//kiubVY0IQunP2Koc/fr/0wI7hj3IiBDbSrmKlrNgLQ==

esbuild-windows-64@0.14.47:
  version "0.14.47"
  resolved "https://registry.yarnpkg.com/esbuild-windows-64/-/esbuild-windows-64-0.14.47.tgz#2564c3fcf0c23d701edb71af8c52d3be4cec5f8a"
  integrity sha512-/Pk5jIEH34T68r8PweKRi77W49KwanZ8X6lr3vDAtOlH5EumPE4pBHqkCUdELanvsT14yMXLQ/C/8XPi1pAtkQ==

esbuild-windows-arm64@0.14.47:
  version "0.14.47"
  resolved "https://registry.yarnpkg.com/esbuild-windows-arm64/-/esbuild-windows-arm64-0.14.47.tgz#86d9db1a22d83360f726ac5fba41c2f625db6878"
  integrity sha512-HFSW2lnp62fl86/qPQlqw6asIwCnEsEoNIL1h2uVMgakddf+vUuMcCbtUY1i8sst7KkgHrVKCJQB33YhhOweCQ==

esbuild@0.14.47:
  version "0.14.47"
  resolved "https://registry.yarnpkg.com/esbuild/-/esbuild-0.14.47.tgz#0d6415f6bd8eb9e73a58f7f9ae04c5276cda0e4d"
  integrity sha512-wI4ZiIfFxpkuxB8ju4MHrGwGLyp1+awEHAHVpx6w7a+1pmYIq8T9FGEVVwFo0iFierDoMj++Xq69GXWYn2EiwA==
  optionalDependencies:
    esbuild-android-64 "0.14.47"
    esbuild-android-arm64 "0.14.47"
    esbuild-darwin-64 "0.14.47"
    esbuild-darwin-arm64 "0.14.47"
    esbuild-freebsd-64 "0.14.47"
    esbuild-freebsd-arm64 "0.14.47"
    esbuild-linux-32 "0.14.47"
    esbuild-linux-64 "0.14.47"
    esbuild-linux-arm "0.14.47"
    esbuild-linux-arm64 "0.14.47"
    esbuild-linux-mips64le "0.14.47"
    esbuild-linux-ppc64le "0.14.47"
    esbuild-linux-riscv64 "0.14.47"
    esbuild-linux-s390x "0.14.47"
    esbuild-netbsd-64 "0.14.47"
    esbuild-openbsd-64 "0.14.47"
    esbuild-sunos-64 "0.14.47"
    esbuild-windows-32 "0.14.47"
    esbuild-windows-64 "0.14.47"
    esbuild-windows-arm64 "0.14.47"

"js-tokens@^3.0.0 || ^4.0.0":
  version "4.0.0"
  resolved "https://registry.yarnpkg.com/js-tokens/-/js-tokens-4.0.0.tgz#19203fb59991df98e3a287050d4647cdeaf32499"
  integrity sha512-RdJUflcE3cUzKiMqQgsCu06FPu9UdIJO0beYbPhHN4k6apgJtifcoCtT9bcxOpYBtpD2kCM6Sbzg4CausW/PKQ==

loose-envify@^1.1.0:
  version "1.4.0"
  resolved "https://registry.yarnpkg.com/loose-envify/-/loose-envify-1.4.0.tgz#71ee51fa7be4caec1a63839f7e682d8132d30caf"
  integrity sha512-lyuxPGr/Wfhrlem2CL/UcnUc1zcqKAImBDzukY7Y5F/yQiNdko6+fRLevlw1HgMySw7f611UIY408EtxRSoK3Q==
  dependencies:
    js-tokens "^3.0.0 || ^4.0.0"

moment@2.29.4:
  version "2.29.4"
  resolved "https://registry.yarnpkg.com/moment/-/moment-2.29.4.tgz#3dbe052889fe7c1b2ed966fcb3a77328964ef108"
  integrity sha512-5LC9SOxjSc2HF6vO2CyuTDNivEdoz2IvyJJGj6X8DJ0eFyfszE0QiEd+iXmBvUP3WHxSjFH/vIsA0EN00cgr8w==

object-assign@^4.1.1:
  version "4.1.1"
  resolved "https://registry.yarnpkg.com/object-assign/-/object-assign-4.1.1.tgz#2109adc7965887cfc05cbbd442cac8bfbb360863"
  integrity sha512-rJgTQnkUnH1sFw8yT6VSU3zD3sWmu6sZhIseY8VX+GRu3P6F7Fu+JNDoXfklElbLJSnc3FUQHVe4cU5hj+BcUg==

obsidian@1.1.1:
  version "1.1.1"
  resolved "https://registry.yarnpkg.com/obsidian/-/obsidian-1.1.1.tgz#7cce6f19a6dd1cc5ec7e9f7dff8ea3ceacf2e2c3"
  integrity sha512-GcxhsHNkPEkwHEjeyitfYNBcQuYGeAHFs1pEpZIv0CnzSfui8p8bPLm2YKLgcg20B764770B1sYGtxCvk9ptxg==
  dependencies:
    "@types/codemirror" "0.0.108"
    moment "2.29.4"

react-dom@^17.0.0:
  version "17.0.2"
  resolved "https://registry.yarnpkg.com/react-dom/-/react-dom-17.0.2.tgz#ecffb6845e3ad8dbfcdc498f0d0a939736502c23"
  integrity sha512-s4h96KtLDUQlsENhMn1ar8t2bEa+q/YAtj8pPPdIjPDGBDIVNsrD9aXNWqspUe6AzKCIG0C1HZZLqLV7qpOBGA==
  dependencies:
    loose-envify "^1.1.0"
    object-assign "^4.1.1"
    scheduler "^0.20.2"

react@^17.0.0:
  version "17.0.2"
  resolved "https://registry.yarnpkg.com/react/-/react-17.0.2.tgz#d0b5cc516d29eb3eee383f75b62864cfb6800037"
  integrity sha512-gnhPt75i/dq/z3/6q/0asP78D0u592D5L1pd7M8P+dck6Fu/jJeL6iVVK23fptSUZj8Vjf++7wXA8UNclGQcbA==
  dependencies:
    loose-envify "^1.1.0"
    object-assign "^4.1.1"

scheduler@^0.20.2:
  version "0.20.2"
  resolved "https://registry.yarnpkg.com/scheduler/-/scheduler-0.20.2.tgz#4baee39436e34aa93b4874bddcbf0fe8b8b50e91"
  integrity sha512-2eWfGgAqqWFGqtdMmcL5zCMK1U8KlXv8SQFGglL3CEtd0aDVDWgeF/YoCmvln55m5zSk3J/20hTaSBeSObsQDQ==
  dependencies:
    loose-envify "^1.1.0"
    object-assign "^4.1.1"

typescript@4.7.4:
  version "4.7.4"
  resolved "https://registry.yarnpkg.com/typescript/-/typescript-4.7.4.tgz#1a88596d1cf47d59507a1bcdfb5b9dfe4d488235"
  integrity sha512-C0WQT0gezHuw6AdY1M2jxUO83Rjf0HP7Sk1DtXj6j1EwkQNZrHAg2XPWlq62oqEhYvONq5pkC2Y9oPljWToLmQ==
